// !$*UTF8*$!
{
	archiveVersion = 1;
	classes = {
	};
	objectVersion = 46;
	objects = {

/* Begin PBXBuildFile section */
		0091D8F90E81B9330029341E /* OpenGL.framework in Frameworks */ = {isa = PBXBuildFile; fileRef = 0091D8F80E81B9330029341E /* OpenGL.framework */; };
		00B784B30FF439BC000DE1D7 /* Accelerate.framework in Frameworks */ = {isa = PBXBuildFile; fileRef = 00B784AF0FF439BC000DE1D7 /* Accelerate.framework */; };
		00B784B40FF439BC000DE1D7 /* AudioToolbox.framework in Frameworks */ = {isa = PBXBuildFile; fileRef = 00B784B00FF439BC000DE1D7 /* AudioToolbox.framework */; };
		00B784B50FF439BC000DE1D7 /* AudioUnit.framework in Frameworks */ = {isa = PBXBuildFile; fileRef = 00B784B10FF439BC000DE1D7 /* AudioUnit.framework */; };
		00B784B60FF439BC000DE1D7 /* CoreAudio.framework in Frameworks */ = {isa = PBXBuildFile; fileRef = 00B784B20FF439BC000DE1D7 /* CoreAudio.framework */; };
		1536B20419ABD9AC00CF8B15 /* Animation.cpp in Sources */ = {isa = PBXBuildFile; fileRef = 1536B1EF19ABD9AC00CF8B15 /* Animation.cpp */; };
		1536B20519ABD9AC00CF8B15 /* ArcObject.cpp in Sources */ = {isa = PBXBuildFile; fileRef = 1536B1F019ABD9AC00CF8B15 /* ArcObject.cpp */; };
		1536B20619ABD9AC00CF8B15 /* CircleObject.cpp in Sources */ = {isa = PBXBuildFile; fileRef = 1536B1F119ABD9AC00CF8B15 /* CircleObject.cpp */; };
		1536B20719ABD9AC00CF8B15 /* DynamicPolygonObject.cpp in Sources */ = {isa = PBXBuildFile; fileRef = 1536B1F219ABD9AC00CF8B15 /* DynamicPolygonObject.cpp */; };
		1536B20819ABD9AC00CF8B15 /* FboObject.cpp in Sources */ = {isa = PBXBuildFile; fileRef = 1536B1F319ABD9AC00CF8B15 /* FboObject.cpp */; };
		1536B20919ABD9AC00CF8B15 /* GridSystem.cpp in Sources */ = {isa = PBXBuildFile; fileRef = 1536B1F419ABD9AC00CF8B15 /* GridSystem.cpp */; };
		1536B20A19ABD9AC00CF8B15 /* ImageObject.cpp in Sources */ = {isa = PBXBuildFile; fileRef = 1536B1F519ABD9AC00CF8B15 /* ImageObject.cpp */; };
		1536B20C19ABD9AC00CF8B15 /* LineSegmentObject.cpp in Sources */ = {isa = PBXBuildFile; fileRef = 1536B1F719ABD9AC00CF8B15 /* LineSegmentObject.cpp */; };
		1536B20D19ABD9AC00CF8B15 /* LineStripObject.cpp in Sources */ = {isa = PBXBuildFile; fileRef = 1536B1F819ABD9AC00CF8B15 /* LineStripObject.cpp */; };
		1536B20E19ABD9AC00CF8B15 /* Message.cpp in Sources */ = {isa = PBXBuildFile; fileRef = 1536B1F919ABD9AC00CF8B15 /* Message.cpp */; };
		1536B20F19ABD9AC00CF8B15 /* Object.cpp in Sources */ = {isa = PBXBuildFile; fileRef = 1536B1FA19ABD9AC00CF8B15 /* Object.cpp */; };
		1536B21019ABD9AC00CF8B15 /* PolygonObject.cpp in Sources */ = {isa = PBXBuildFile; fileRef = 1536B1FB19ABD9AC00CF8B15 /* PolygonObject.cpp */; };
		1536B21119ABD9AC00CF8B15 /* QuadStripObject.cpp in Sources */ = {isa = PBXBuildFile; fileRef = 1536B1FC19ABD9AC00CF8B15 /* QuadStripObject.cpp */; };
		1536B21219ABD9AC00CF8B15 /* RectangleObject.cpp in Sources */ = {isa = PBXBuildFile; fileRef = 1536B1FD19ABD9AC00CF8B15 /* RectangleObject.cpp */; };
		1536B21319ABD9AC00CF8B15 /* RoundedArcObject.cpp in Sources */ = {isa = PBXBuildFile; fileRef = 1536B1FE19ABD9AC00CF8B15 /* RoundedArcObject.cpp */; };
		1536B21419ABD9AC00CF8B15 /* Scene.cpp in Sources */ = {isa = PBXBuildFile; fileRef = 1536B1FF19ABD9AC00CF8B15 /* Scene.cpp */; };
		1536B21719ABD9AC00CF8B15 /* TextureObject.cpp in Sources */ = {isa = PBXBuildFile; fileRef = 1536B20219ABD9AC00CF8B15 /* TextureObject.cpp */; };
		353F13219B5E40129ACED645 /* CinderApp.icns in Resources */ = {isa = PBXBuildFile; fileRef = 2E7779A79FDE41B1BBB1911D /* CinderApp.icns */; };
		5323E6B20EAFCA74003A9687 /* CoreVideo.framework in Frameworks */ = {isa = PBXBuildFile; fileRef = 5323E6B10EAFCA74003A9687 /* CoreVideo.framework */; };
		5323E6B60EAFCA7E003A9687 /* QTKit.framework in Frameworks */ = {isa = PBXBuildFile; fileRef = 5323E6B50EAFCA7E003A9687 /* QTKit.framework */; };
		8D11072F0486CEB800E47090 /* Cocoa.framework in Frameworks */ = {isa = PBXBuildFile; fileRef = 1058C7A1FEA54F0111CA2CBB /* Cocoa.framework */; };
		E05FBE6275464E9AB5170BE6 /* GrandTourApp.cpp in Sources */ = {isa = PBXBuildFile; fileRef = 0C99241DF64A4428A7B22D3A /* GrandTourApp.cpp */; };
/* End PBXBuildFile section */

/* Begin PBXFileReference section */
		0091D8F80E81B9330029341E /* OpenGL.framework */ = {isa = PBXFileReference; lastKnownFileType = wrapper.framework; name = OpenGL.framework; path = /System/Library/Frameworks/OpenGL.framework; sourceTree = "<absolute>"; };
		00B784AF0FF439BC000DE1D7 /* Accelerate.framework */ = {isa = PBXFileReference; lastKnownFileType = wrapper.framework; name = Accelerate.framework; path = System/Library/Frameworks/Accelerate.framework; sourceTree = SDKROOT; };
		00B784B00FF439BC000DE1D7 /* AudioToolbox.framework */ = {isa = PBXFileReference; lastKnownFileType = wrapper.framework; name = AudioToolbox.framework; path = System/Library/Frameworks/AudioToolbox.framework; sourceTree = SDKROOT; };
		00B784B10FF439BC000DE1D7 /* AudioUnit.framework */ = {isa = PBXFileReference; lastKnownFileType = wrapper.framework; name = AudioUnit.framework; path = System/Library/Frameworks/AudioUnit.framework; sourceTree = SDKROOT; };
		00B784B20FF439BC000DE1D7 /* CoreAudio.framework */ = {isa = PBXFileReference; lastKnownFileType = wrapper.framework; name = CoreAudio.framework; path = System/Library/Frameworks/CoreAudio.framework; sourceTree = SDKROOT; };
		0C99241DF64A4428A7B22D3A /* GrandTourApp.cpp */ = {isa = PBXFileReference; lastKnownFileType = sourcecode.c.cpp; name = GrandTourApp.cpp; path = ../src/GrandTourApp.cpp; sourceTree = "<group>"; };
		1058C7A1FEA54F0111CA2CBB /* Cocoa.framework */ = {isa = PBXFileReference; lastKnownFileType = wrapper.framework; name = Cocoa.framework; path = /System/Library/Frameworks/Cocoa.framework; sourceTree = "<absolute>"; };
		1536B1DA19ABD9AC00CF8B15 /* Animation.h */ = {isa = PBXFileReference; fileEncoding = 4; lastKnownFileType = sourcecode.c.h; name = Animation.h; path = ../../../src/soso/Animation.h; sourceTree = "<group>"; };
		1536B1DB19ABD9AC00CF8B15 /* ArcObject.h */ = {isa = PBXFileReference; fileEncoding = 4; lastKnownFileType = sourcecode.c.h; name = ArcObject.h; path = ../../../src/soso/ArcObject.h; sourceTree = "<group>"; };
		1536B1DC19ABD9AC00CF8B15 /* CircleObject.h */ = {isa = PBXFileReference; fileEncoding = 4; lastKnownFileType = sourcecode.c.h; name = CircleObject.h; path = ../../../src/soso/CircleObject.h; sourceTree = "<group>"; };
		1536B1DD19ABD9AC00CF8B15 /* DynamicPolygonObject.h */ = {isa = PBXFileReference; fileEncoding = 4; lastKnownFileType = sourcecode.c.h; name = DynamicPolygonObject.h; path = ../../../src/soso/DynamicPolygonObject.h; sourceTree = "<group>"; };
		1536B1DE19ABD9AC00CF8B15 /* FboObject.h */ = {isa = PBXFileReference; fileEncoding = 4; lastKnownFileType = sourcecode.c.h; name = FboObject.h; path = ../../../src/soso/FboObject.h; sourceTree = "<group>"; };
		1536B1DF19ABD9AC00CF8B15 /* GridSystem.h */ = {isa = PBXFileReference; fileEncoding = 4; lastKnownFileType = sourcecode.c.h; name = GridSystem.h; path = ../../../src/soso/GridSystem.h; sourceTree = "<group>"; };
		1536B1E019ABD9AC00CF8B15 /* ImageObject.h */ = {isa = PBXFileReference; fileEncoding = 4; lastKnownFileType = sourcecode.c.h; name = ImageObject.h; path = ../../../src/soso/ImageObject.h; sourceTree = "<group>"; };
		1536B1E219ABD9AC00CF8B15 /* LineSegmentObject.h */ = {isa = PBXFileReference; fileEncoding = 4; lastKnownFileType = sourcecode.c.h; name = LineSegmentObject.h; path = ../../../src/soso/LineSegmentObject.h; sourceTree = "<group>"; };
		1536B1E319ABD9AC00CF8B15 /* LineStripObject.h */ = {isa = PBXFileReference; fileEncoding = 4; lastKnownFileType = sourcecode.c.h; name = LineStripObject.h; path = ../../../src/soso/LineStripObject.h; sourceTree = "<group>"; };
		1536B1E419ABD9AC00CF8B15 /* Message.h */ = {isa = PBXFileReference; fileEncoding = 4; lastKnownFileType = sourcecode.c.h; name = Message.h; path = ../../../src/soso/Message.h; sourceTree = "<group>"; };
		1536B1E519ABD9AC00CF8B15 /* Object.h */ = {isa = PBXFileReference; fileEncoding = 4; lastKnownFileType = sourcecode.c.h; name = Object.h; path = ../../../src/soso/Object.h; sourceTree = "<group>"; };
		1536B1E619ABD9AC00CF8B15 /* PolygonObject.h */ = {isa = PBXFileReference; fileEncoding = 4; lastKnownFileType = sourcecode.c.h; name = PolygonObject.h; path = ../../../src/soso/PolygonObject.h; sourceTree = "<group>"; };
		1536B1E719ABD9AC00CF8B15 /* QuadStripObject.h */ = {isa = PBXFileReference; fileEncoding = 4; lastKnownFileType = sourcecode.c.h; name = QuadStripObject.h; path = ../../../src/soso/QuadStripObject.h; sourceTree = "<group>"; };
		1536B1E819ABD9AC00CF8B15 /* RectangleObject.h */ = {isa = PBXFileReference; fileEncoding = 4; lastKnownFileType = sourcecode.c.h; name = RectangleObject.h; path = ../../../src/soso/RectangleObject.h; sourceTree = "<group>"; };
		1536B1E919ABD9AC00CF8B15 /* RoundedArcObject.h */ = {isa = PBXFileReference; fileEncoding = 4; lastKnownFileType = sourcecode.c.h; name = RoundedArcObject.h; path = ../../../src/soso/RoundedArcObject.h; sourceTree = "<group>"; };
		1536B1EA19ABD9AC00CF8B15 /* Scene.h */ = {isa = PBXFileReference; fileEncoding = 4; lastKnownFileType = sourcecode.c.h; name = Scene.h; path = ../../../src/soso/Scene.h; sourceTree = "<group>"; };
		1536B1EF19ABD9AC00CF8B15 /* Animation.cpp */ = {isa = PBXFileReference; fileEncoding = 4; lastKnownFileType = sourcecode.cpp.cpp; name = Animation.cpp; path = ../../../src/soso/Animation.cpp; sourceTree = "<group>"; };
		1536B1F019ABD9AC00CF8B15 /* ArcObject.cpp */ = {isa = PBXFileReference; fileEncoding = 4; lastKnownFileType = sourcecode.cpp.cpp; name = ArcObject.cpp; path = ../../../src/soso/ArcObject.cpp; sourceTree = "<group>"; };
		1536B1F119ABD9AC00CF8B15 /* CircleObject.cpp */ = {isa = PBXFileReference; fileEncoding = 4; lastKnownFileType = sourcecode.cpp.cpp; name = CircleObject.cpp; path = ../../../src/soso/CircleObject.cpp; sourceTree = "<group>"; };
		1536B1F219ABD9AC00CF8B15 /* DynamicPolygonObject.cpp */ = {isa = PBXFileReference; fileEncoding = 4; lastKnownFileType = sourcecode.cpp.cpp; name = DynamicPolygonObject.cpp; path = ../../../src/soso/DynamicPolygonObject.cpp; sourceTree = "<group>"; };
		1536B1F319ABD9AC00CF8B15 /* FboObject.cpp */ = {isa = PBXFileReference; fileEncoding = 4; lastKnownFileType = sourcecode.cpp.cpp; name = FboObject.cpp; path = ../../../src/soso/FboObject.cpp; sourceTree = "<group>"; };
		1536B1F419ABD9AC00CF8B15 /* GridSystem.cpp */ = {isa = PBXFileReference; fileEncoding = 4; lastKnownFileType = sourcecode.cpp.cpp; name = GridSystem.cpp; path = ../../../src/soso/GridSystem.cpp; sourceTree = "<group>"; };
		1536B1F519ABD9AC00CF8B15 /* ImageObject.cpp */ = {isa = PBXFileReference; fileEncoding = 4; lastKnownFileType = sourcecode.cpp.cpp; name = ImageObject.cpp; path = ../../../src/soso/ImageObject.cpp; sourceTree = "<group>"; };
		1536B1F719ABD9AC00CF8B15 /* LineSegmentObject.cpp */ = {isa = PBXFileReference; fileEncoding = 4; lastKnownFileType = sourcecode.cpp.cpp; name = LineSegmentObject.cpp; path = ../../../src/soso/LineSegmentObject.cpp; sourceTree = "<group>"; };
		1536B1F819ABD9AC00CF8B15 /* LineStripObject.cpp */ = {isa = PBXFileReference; fileEncoding = 4; lastKnownFileType = sourcecode.cpp.cpp; name = LineStripObject.cpp; path = ../../../src/soso/LineStripObject.cpp; sourceTree = "<group>"; };
		1536B1F919ABD9AC00CF8B15 /* Message.cpp */ = {isa = PBXFileReference; fileEncoding = 4; lastKnownFileType = sourcecode.cpp.cpp; name = Message.cpp; path = ../../../src/soso/Message.cpp; sourceTree = "<group>"; };
		1536B1FA19ABD9AC00CF8B15 /* Object.cpp */ = {isa = PBXFileReference; fileEncoding = 4; lastKnownFileType = sourcecode.cpp.cpp; name = Object.cpp; path = ../../../src/soso/Object.cpp; sourceTree = "<group>"; };
		1536B1FB19ABD9AC00CF8B15 /* PolygonObject.cpp */ = {isa = PBXFileReference; fileEncoding = 4; lastKnownFileType = sourcecode.cpp.cpp; name = PolygonObject.cpp; path = ../../../src/soso/PolygonObject.cpp; sourceTree = "<group>"; };
		1536B1FC19ABD9AC00CF8B15 /* QuadStripObject.cpp */ = {isa = PBXFileReference; fileEncoding = 4; lastKnownFileType = sourcecode.cpp.cpp; name = QuadStripObject.cpp; path = ../../../src/soso/QuadStripObject.cpp; sourceTree = "<group>"; };
		1536B1FD19ABD9AC00CF8B15 /* RectangleObject.cpp */ = {isa = PBXFileReference; fileEncoding = 4; lastKnownFileType = sourcecode.cpp.cpp; name = RectangleObject.cpp; path = ../../../src/soso/RectangleObject.cpp; sourceTree = "<group>"; };
		1536B1FE19ABD9AC00CF8B15 /* RoundedArcObject.cpp */ = {isa = PBXFileReference; fileEncoding = 4; lastKnownFileType = sourcecode.cpp.cpp; name = RoundedArcObject.cpp; path = ../../../src/soso/RoundedArcObject.cpp; sourceTree = "<group>"; };
		1536B1FF19ABD9AC00CF8B15 /* Scene.cpp */ = {isa = PBXFileReference; fileEncoding = 4; lastKnownFileType = sourcecode.cpp.cpp; name = Scene.cpp; path = ../../../src/soso/Scene.cpp; sourceTree = "<group>"; };
		1536B20219ABD9AC00CF8B15 /* TextureObject.cpp */ = {isa = PBXFileReference; fileEncoding = 4; lastKnownFileType = sourcecode.cpp.cpp; name = TextureObject.cpp; path = ../../../src/soso/TextureObject.cpp; sourceTree = "<group>"; };
		29B97324FDCFA39411CA2CEA /* AppKit.framework */ = {isa = PBXFileReference; lastKnownFileType = wrapper.framework; name = AppKit.framework; path = /System/Library/Frameworks/AppKit.framework; sourceTree = "<absolute>"; };
		29B97325FDCFA39411CA2CEA /* Foundation.framework */ = {isa = PBXFileReference; lastKnownFileType = wrapper.framework; name = Foundation.framework; path = /System/Library/Frameworks/Foundation.framework; sourceTree = "<absolute>"; };
		2E7779A79FDE41B1BBB1911D /* CinderApp.icns */ = {isa = PBXFileReference; lastKnownFileType = image.icns; name = CinderApp.icns; path = ../resources/CinderApp.icns; sourceTree = "<group>"; };
		3111996413A74B2D8D56FDB4 /* Info.plist */ = {isa = PBXFileReference; lastKnownFileType = text.plist.xml; path = Info.plist; sourceTree = "<group>"; };
		5323E6B10EAFCA74003A9687 /* CoreVideo.framework */ = {isa = PBXFileReference; lastKnownFileType = wrapper.framework; name = CoreVideo.framework; path = /System/Library/Frameworks/CoreVideo.framework; sourceTree = "<absolute>"; };
		5323E6B50EAFCA7E003A9687 /* QTKit.framework */ = {isa = PBXFileReference; lastKnownFileType = wrapper.framework; name = QTKit.framework; path = /System/Library/Frameworks/QTKit.framework; sourceTree = "<absolute>"; };
		8178015CF7984B3CB9657330 /* Resources.h */ = {isa = PBXFileReference; lastKnownFileType = sourcecode.c.h; name = Resources.h; path = ../include/Resources.h; sourceTree = "<group>"; };
		8D1107320486CEB800E47090 /* GrandTour.app */ = {isa = PBXFileReference; explicitFileType = wrapper.application; includeInIndex = 0; path = GrandTour.app; sourceTree = BUILT_PRODUCTS_DIR; };
		E63FD7C9371E4A61A64A6B4A /* GrandTour_Prefix.pch */ = {isa = PBXFileReference; lastKnownFileType = "\"\""; path = GrandTour_Prefix.pch; sourceTree = "<group>"; };
/* End PBXFileReference section */

/* Begin PBXFrameworksBuildPhase section */
		8D11072E0486CEB800E47090 /* Frameworks */ = {
			isa = PBXFrameworksBuildPhase;
			buildActionMask = 2147483647;
			files = (
				8D11072F0486CEB800E47090 /* Cocoa.framework in Frameworks */,
				0091D8F90E81B9330029341E /* OpenGL.framework in Frameworks */,
				5323E6B20EAFCA74003A9687 /* CoreVideo.framework in Frameworks */,
				5323E6B60EAFCA7E003A9687 /* QTKit.framework in Frameworks */,
				00B784B30FF439BC000DE1D7 /* Accelerate.framework in Frameworks */,
				00B784B40FF439BC000DE1D7 /* AudioToolbox.framework in Frameworks */,
				00B784B50FF439BC000DE1D7 /* AudioUnit.framework in Frameworks */,
				00B784B60FF439BC000DE1D7 /* CoreAudio.framework in Frameworks */,
			);
			runOnlyForDeploymentPostprocessing = 0;
		};
/* End PBXFrameworksBuildPhase section */

/* Begin PBXGroup section */
		01B97315FEAEA392516A2CEA /* Blocks */ = {
			isa = PBXGroup;
			children = (
				A6E1A896F19D49EBAC1AC62B /* soso */,
			);
			name = Blocks;
			sourceTree = "<group>";
		};
		080E96DDFE201D6D7F000001 /* Source */ = {
			isa = PBXGroup;
			children = (
				0C99241DF64A4428A7B22D3A /* GrandTourApp.cpp */,
			);
			name = Source;
			sourceTree = "<group>";
		};
		1058C7A0FEA54F0111CA2CBB /* Linked Frameworks */ = {
			isa = PBXGroup;
			children = (
				00B784AF0FF439BC000DE1D7 /* Accelerate.framework */,
				00B784B00FF439BC000DE1D7 /* AudioToolbox.framework */,
				00B784B10FF439BC000DE1D7 /* AudioUnit.framework */,
				00B784B20FF439BC000DE1D7 /* CoreAudio.framework */,
				5323E6B50EAFCA7E003A9687 /* QTKit.framework */,
				5323E6B10EAFCA74003A9687 /* CoreVideo.framework */,
				0091D8F80E81B9330029341E /* OpenGL.framework */,
				1058C7A1FEA54F0111CA2CBB /* Cocoa.framework */,
			);
			name = "Linked Frameworks";
			sourceTree = "<group>";
		};
		1058C7A2FEA54F0111CA2CBB /* Other Frameworks */ = {
			isa = PBXGroup;
			children = (
				29B97324FDCFA39411CA2CEA /* AppKit.framework */,
				29B97325FDCFA39411CA2CEA /* Foundation.framework */,
			);
			name = "Other Frameworks";
			sourceTree = "<group>";
		};
		19C28FACFE9D520D11CA2CBB /* Products */ = {
			isa = PBXGroup;
			children = (
				8D1107320486CEB800E47090 /* GrandTour.app */,
			);
			name = Products;
			sourceTree = "<group>";
		};
		29B97314FDCFA39411CA2CEA /* GrandTour */ = {
			isa = PBXGroup;
			children = (
				01B97315FEAEA392516A2CEA /* Blocks */,
				29B97315FDCFA39411CA2CEA /* Headers */,
				080E96DDFE201D6D7F000001 /* Source */,
				29B97317FDCFA39411CA2CEA /* Resources */,
				29B97323FDCFA39411CA2CEA /* Frameworks */,
				19C28FACFE9D520D11CA2CBB /* Products */,
			);
			name = GrandTour;
			sourceTree = "<group>";
			usesTabs = 1;
		};
		29B97315FDCFA39411CA2CEA /* Headers */ = {
			isa = PBXGroup;
			children = (
				8178015CF7984B3CB9657330 /* Resources.h */,
				E63FD7C9371E4A61A64A6B4A /* GrandTour_Prefix.pch */,
			);
			name = Headers;
			sourceTree = "<group>";
		};
		29B97317FDCFA39411CA2CEA /* Resources */ = {
			isa = PBXGroup;
			children = (
				2E7779A79FDE41B1BBB1911D /* CinderApp.icns */,
				3111996413A74B2D8D56FDB4 /* Info.plist */,
			);
			name = Resources;
			sourceTree = "<group>";
		};
		29B97323FDCFA39411CA2CEA /* Frameworks */ = {
			isa = PBXGroup;
			children = (
				1058C7A0FEA54F0111CA2CBB /* Linked Frameworks */,
				1058C7A2FEA54F0111CA2CBB /* Other Frameworks */,
			);
			name = Frameworks;
			sourceTree = "<group>";
		};
		57DB54B067E4439690AF0E9B /* src */ = {
			isa = PBXGroup;
			children = (
				1536B1DA19ABD9AC00CF8B15 /* Animation.h */,
				1536B1DB19ABD9AC00CF8B15 /* ArcObject.h */,
				1536B1DC19ABD9AC00CF8B15 /* CircleObject.h */,
				1536B1DD19ABD9AC00CF8B15 /* DynamicPolygonObject.h */,
				1536B1DE19ABD9AC00CF8B15 /* FboObject.h */,
				1536B1DF19ABD9AC00CF8B15 /* GridSystem.h */,
				1536B1E019ABD9AC00CF8B15 /* ImageObject.h */,
				1536B1E219ABD9AC00CF8B15 /* LineSegmentObject.h */,
				1536B1E319ABD9AC00CF8B15 /* LineStripObject.h */,
				1536B1E419ABD9AC00CF8B15 /* Message.h */,
				1536B1E519ABD9AC00CF8B15 /* Object.h */,
				1536B1E619ABD9AC00CF8B15 /* PolygonObject.h */,
				1536B1E719ABD9AC00CF8B15 /* QuadStripObject.h */,
				1536B1E819ABD9AC00CF8B15 /* RectangleObject.h */,
				1536B1E919ABD9AC00CF8B15 /* RoundedArcObject.h */,
				1536B1EA19ABD9AC00CF8B15 /* Scene.h */,
				1536B1EF19ABD9AC00CF8B15 /* Animation.cpp */,
				1536B1F019ABD9AC00CF8B15 /* ArcObject.cpp */,
				1536B1F119ABD9AC00CF8B15 /* CircleObject.cpp */,
				1536B1F219ABD9AC00CF8B15 /* DynamicPolygonObject.cpp */,
				1536B1F319ABD9AC00CF8B15 /* FboObject.cpp */,
				1536B1F419ABD9AC00CF8B15 /* GridSystem.cpp */,
				1536B1F519ABD9AC00CF8B15 /* ImageObject.cpp */,
				1536B1F719ABD9AC00CF8B15 /* LineSegmentObject.cpp */,
				1536B1F819ABD9AC00CF8B15 /* LineStripObject.cpp */,
				1536B1F919ABD9AC00CF8B15 /* Message.cpp */,
				1536B1FA19ABD9AC00CF8B15 /* Object.cpp */,
				1536B1FB19ABD9AC00CF8B15 /* PolygonObject.cpp */,
				1536B1FC19ABD9AC00CF8B15 /* QuadStripObject.cpp */,
				1536B1FD19ABD9AC00CF8B15 /* RectangleObject.cpp */,
				1536B1FE19ABD9AC00CF8B15 /* RoundedArcObject.cpp */,
				1536B1FF19ABD9AC00CF8B15 /* Scene.cpp */,
				1536B20219ABD9AC00CF8B15 /* TextureObject.cpp */,
			);
			name = src;
			sourceTree = "<group>";
		};
		A6E1A896F19D49EBAC1AC62B /* soso */ = {
			isa = PBXGroup;
			children = (
				57DB54B067E4439690AF0E9B /* src */,
			);
			name = soso;
			sourceTree = "<group>";
		};
/* End PBXGroup section */

/* Begin PBXNativeTarget section */
		8D1107260486CEB800E47090 /* GrandTour */ = {
			isa = PBXNativeTarget;
			buildConfigurationList = C01FCF4A08A954540054247B /* Build configuration list for PBXNativeTarget "GrandTour" */;
			buildPhases = (
				8D1107290486CEB800E47090 /* Resources */,
				8D11072C0486CEB800E47090 /* Sources */,
				8D11072E0486CEB800E47090 /* Frameworks */,
			);
			buildRules = (
			);
			dependencies = (
			);
			name = GrandTour;
			productInstallPath = "$(HOME)/Applications";
			productName = GrandTour;
			productReference = 8D1107320486CEB800E47090 /* GrandTour.app */;
			productType = "com.apple.product-type.application";
		};
/* End PBXNativeTarget section */

/* Begin PBXProject section */
		29B97313FDCFA39411CA2CEA /* Project object */ = {
			isa = PBXProject;
			attributes = {
				LastUpgradeCheck = 0510;
			};
			buildConfigurationList = C01FCF4E08A954540054247B /* Build configuration list for PBXProject "GrandTour" */;
			compatibilityVersion = "Xcode 3.2";
			developmentRegion = English;
			hasScannedForEncodings = 1;
			knownRegions = (
				English,
				Japanese,
				French,
				German,
			);
			mainGroup = 29B97314FDCFA39411CA2CEA /* GrandTour */;
			projectDirPath = "";
			projectRoot = "";
			targets = (
				8D1107260486CEB800E47090 /* GrandTour */,
			);
		};
/* End PBXProject section */

/* Begin PBXResourcesBuildPhase section */
		8D1107290486CEB800E47090 /* Resources */ = {
			isa = PBXResourcesBuildPhase;
			buildActionMask = 2147483647;
			files = (
				353F13219B5E40129ACED645 /* CinderApp.icns in Resources */,
			);
			runOnlyForDeploymentPostprocessing = 0;
		};
/* End PBXResourcesBuildPhase section */

/* Begin PBXSourcesBuildPhase section */
		8D11072C0486CEB800E47090 /* Sources */ = {
			isa = PBXSourcesBuildPhase;
			buildActionMask = 2147483647;
			files = (
				1536B21219ABD9AC00CF8B15 /* RectangleObject.cpp in Sources */,
				1536B20719ABD9AC00CF8B15 /* DynamicPolygonObject.cpp in Sources */,
				1536B21019ABD9AC00CF8B15 /* PolygonObject.cpp in Sources */,
				1536B21119ABD9AC00CF8B15 /* QuadStripObject.cpp in Sources */,
				1536B20519ABD9AC00CF8B15 /* ArcObject.cpp in Sources */,
				1536B21319ABD9AC00CF8B15 /* RoundedArcObject.cpp in Sources */,
				1536B21719ABD9AC00CF8B15 /* TextureObject.cpp in Sources */,
				1536B21419ABD9AC00CF8B15 /* Scene.cpp in Sources */,
				1536B20A19ABD9AC00CF8B15 /* ImageObject.cpp in Sources */,
				1536B20D19ABD9AC00CF8B15 /* LineStripObject.cpp in Sources */,
				1536B20F19ABD9AC00CF8B15 /* Object.cpp in Sources */,
				1536B20819ABD9AC00CF8B15 /* FboObject.cpp in Sources */,
				1536B20E19ABD9AC00CF8B15 /* Message.cpp in Sources */,
				1536B20419ABD9AC00CF8B15 /* Animation.cpp in Sources */,
				1536B20C19ABD9AC00CF8B15 /* LineSegmentObject.cpp in Sources */,
				1536B20919ABD9AC00CF8B15 /* GridSystem.cpp in Sources */,
				1536B20619ABD9AC00CF8B15 /* CircleObject.cpp in Sources */,
				E05FBE6275464E9AB5170BE6 /* GrandTourApp.cpp in Sources */,
			);
			runOnlyForDeploymentPostprocessing = 0;
		};
/* End PBXSourcesBuildPhase section */

/* Begin XCBuildConfiguration section */
		C01FCF4B08A954540054247B /* Debug */ = {
			isa = XCBuildConfiguration;
			buildSettings = {
				COMBINE_HIDPI_IMAGES = YES;
				COPY_PHASE_STRIP = NO;
				DEAD_CODE_STRIPPING = YES;
				GCC_DYNAMIC_NO_PIC = NO;
				GCC_INLINES_ARE_PRIVATE_EXTERN = YES;
				GCC_OPTIMIZATION_LEVEL = 0;
				GCC_PRECOMPILE_PREFIX_HEADER = YES;
				GCC_PREFIX_HEADER = GrandTour_Prefix.pch;
				GCC_PREPROCESSOR_DEFINITIONS = (
					"DEBUG=1",
					"$(inherited)",
				);
				GCC_SYMBOLS_PRIVATE_EXTERN = NO;
				INFOPLIST_FILE = Info.plist;
				INSTALL_PATH = "$(HOME)/Applications";
				OTHER_LDFLAGS = "\"$(CINDER_PATH)/lib/libcinder_d.a\"";
				PRODUCT_NAME = GrandTour;
				SYMROOT = ./build;
				WRAPPER_EXTENSION = app;
			};
			name = Debug;
		};
		C01FCF4C08A954540054247B /* Release */ = {
			isa = XCBuildConfiguration;
			buildSettings = {
				COMBINE_HIDPI_IMAGES = YES;
				DEAD_CODE_STRIPPING = YES;
				DEBUG_INFORMATION_FORMAT = "dwarf-with-dsym";
				GCC_FAST_MATH = YES;
				GCC_GENERATE_DEBUGGING_SYMBOLS = NO;
				GCC_INLINES_ARE_PRIVATE_EXTERN = YES;
				GCC_OPTIMIZATION_LEVEL = 3;
				GCC_PRECOMPILE_PREFIX_HEADER = YES;
				GCC_PREFIX_HEADER = GrandTour_Prefix.pch;
				GCC_PREPROCESSOR_DEFINITIONS = (
					"NDEBUG=1",
					"$(inherited)",
				);
				GCC_SYMBOLS_PRIVATE_EXTERN = NO;
				INFOPLIST_FILE = Info.plist;
				INSTALL_PATH = "$(HOME)/Applications";
				OTHER_LDFLAGS = "\"$(CINDER_PATH)/lib/libcinder.a\"";
				PRODUCT_NAME = GrandTour;
				STRIP_INSTALLED_PRODUCT = YES;
				SYMROOT = ./build;
				WRAPPER_EXTENSION = app;
			};
			name = Release;
		};
		C01FCF4F08A954540054247B /* Debug */ = {
			isa = XCBuildConfiguration;
			buildSettings = {
				ALWAYS_SEARCH_USER_PATHS = NO;
				CINDER_PATH = ../../../../..;
				CLANG_CXX_LANGUAGE_STANDARD = "c++0x";
				CLANG_CXX_LIBRARY = "libc++";
				GCC_WARN_ABOUT_RETURN_TYPE = YES;
				GCC_WARN_UNUSED_VARIABLE = YES;
				HEADER_SEARCH_PATHS = "\"$(CINDER_PATH)/boost\"";
				MACOSX_DEPLOYMENT_TARGET = 10.7;
				ONLY_ACTIVE_ARCH = YES;
				SDKROOT = macosx;
				USER_HEADER_SEARCH_PATHS = "\"$(CINDER_PATH)/include\" ../include ../../../src";
			};
			name = Debug;
		};
		C01FCF5008A954540054247B /* Release */ = {
			isa = XCBuildConfiguration;
			buildSettings = {
				ALWAYS_SEARCH_USER_PATHS = NO;
				CINDER_PATH = ../../../../..;
				CLANG_CXX_LANGUAGE_STANDARD = "c++0x";
				CLANG_CXX_LIBRARY = "libc++";
				GCC_WARN_ABOUT_RETURN_TYPE = YES;
				GCC_WARN_UNUSED_VARIABLE = YES;
				HEADER_SEARCH_PATHS = "\"$(CINDER_PATH)/boost\"";
				MACOSX_DEPLOYMENT_TARGET = 10.7;
				SDKROOT = macosx;
				USER_HEADER_SEARCH_PATHS = "\"$(CINDER_PATH)/include\" ../include ../../../src";
			};
			name = Release;
		};
/* End XCBuildConfiguration section */

/* Begin XCConfigurationList section */
		C01FCF4A08A954540054247B /* Build configuration list for PBXNativeTarget "GrandTour" */ = {
			isa = XCConfigurationList;
			buildConfigurations = (
				C01FCF4B08A954540054247B /* Debug */,
				C01FCF4C08A954540054247B /* Release */,
			);
			defaultConfigurationIsVisible = 0;
			defaultConfigurationName = Release;
		};
		C01FCF4E08A954540054247B /* Build configuration list for PBXProject "GrandTour" */ = {
			isa = XCConfigurationList;
			buildConfigurations = (
				C01FCF4F08A954540054247B /* Debug */,
				C01FCF5008A954540054247B /* Release */,
			);
			defaultConfigurationIsVisible = 0;
			defaultConfigurationName = Release;
		};
/* End XCConfigurationList section */
	};
	rootObject = 29B97313FDCFA39411CA2CEA /* Project object */;
}
